// !$*UTF8*$!
{
	archiveVersion = 1;
	classes = {
	};
	objectVersion = 56;
	objects = {

/* Begin PBXBuildFile section */
		AA5585132AEA9BB8002BD72B /* BookWormApp.swift in Sources */ = {isa = PBXBuildFile; fileRef = AA5585122AEA9BB8002BD72B /* BookWormApp.swift */; };
		AA5585152AEA9BB8002BD72B /* ContentView.swift in Sources */ = {isa = PBXBuildFile; fileRef = AA5585142AEA9BB8002BD72B /* ContentView.swift */; };
		AA5585172AEA9BB9002BD72B /* Assets.xcassets in Resources */ = {isa = PBXBuildFile; fileRef = AA5585162AEA9BB9002BD72B /* Assets.xcassets */; };
		AA55851A2AEA9BB9002BD72B /* Preview Assets.xcassets in Resources */ = {isa = PBXBuildFile; fileRef = AA5585192AEA9BB9002BD72B /* Preview Assets.xcassets */; };
		AA5585242AEA9BB9002BD72B /* BookWormTests.swift in Sources */ = {isa = PBXBuildFile; fileRef = AA5585232AEA9BB9002BD72B /* BookWormTests.swift */; };
		AA55852E2AEA9BB9002BD72B /* BookWormUITests.swift in Sources */ = {isa = PBXBuildFile; fileRef = AA55852D2AEA9BB9002BD72B /* BookWormUITests.swift */; };
		AA5585302AEA9BB9002BD72B /* BookWormUITestsLaunchTests.swift in Sources */ = {isa = PBXBuildFile; fileRef = AA55852F2AEA9BB9002BD72B /* BookWormUITestsLaunchTests.swift */; };
/* End PBXBuildFile section */

/* Begin PBXContainerItemProxy section */
		AA5585202AEA9BB9002BD72B /* PBXContainerItemProxy */ = {
			isa = PBXContainerItemProxy;
			containerPortal = AA5585072AEA9BB8002BD72B /* Project object */;
			proxyType = 1;
			remoteGlobalIDString = AA55850E2AEA9BB8002BD72B;
			remoteInfo = BookWorm;
		};
		AA55852A2AEA9BB9002BD72B /* PBXContainerItemProxy */ = {
			isa = PBXContainerItemProxy;
			containerPortal = AA5585072AEA9BB8002BD72B /* Project object */;
			proxyType = 1;
			remoteGlobalIDString = AA55850E2AEA9BB8002BD72B;
			remoteInfo = BookWorm;
		};
/* End PBXContainerItemProxy section */

/* Begin PBXFileReference section */
		AA55850F2AEA9BB8002BD72B /* BookWorm.app */ = {isa = PBXFileReference; explicitFileType = wrapper.application; includeInIndex = 0; path = BookWorm.app; sourceTree = BUILT_PRODUCTS_DIR; };
		AA5585122AEA9BB8002BD72B /* BookWormApp.swift */ = {isa = PBXFileReference; lastKnownFileType = sourcecode.swift; path = BookWormApp.swift; sourceTree = "<group>"; };
		AA5585142AEA9BB8002BD72B /* ContentView.swift */ = {isa = PBXFileReference; lastKnownFileType = sourcecode.swift; path = ContentView.swift; sourceTree = "<group>"; };
		AA5585162AEA9BB9002BD72B /* Assets.xcassets */ = {isa = PBXFileReference; lastKnownFileType = folder.assetcatalog; path = Assets.xcassets; sourceTree = "<group>"; };
		AA5585192AEA9BB9002BD72B /* Preview Assets.xcassets */ = {isa = PBXFileReference; lastKnownFileType = folder.assetcatalog; path = "Preview Assets.xcassets"; sourceTree = "<group>"; };
		AA55851F2AEA9BB9002BD72B /* BookWormTests.xctest */ = {isa = PBXFileReference; explicitFileType = wrapper.cfbundle; includeInIndex = 0; path = BookWormTests.xctest; sourceTree = BUILT_PRODUCTS_DIR; };
		AA5585232AEA9BB9002BD72B /* BookWormTests.swift */ = {isa = PBXFileReference; lastKnownFileType = sourcecode.swift; path = BookWormTests.swift; sourceTree = "<group>"; };
		AA5585292AEA9BB9002BD72B /* BookWormUITests.xctest */ = {isa = PBXFileReference; explicitFileType = wrapper.cfbundle; includeInIndex = 0; path = BookWormUITests.xctest; sourceTree = BUILT_PRODUCTS_DIR; };
		AA55852D2AEA9BB9002BD72B /* BookWormUITests.swift */ = {isa = PBXFileReference; lastKnownFileType = sourcecode.swift; path = BookWormUITests.swift; sourceTree = "<group>"; };
		AA55852F2AEA9BB9002BD72B /* BookWormUITestsLaunchTests.swift */ = {isa = PBXFileReference; lastKnownFileType = sourcecode.swift; path = BookWormUITestsLaunchTests.swift; sourceTree = "<group>"; };
/* End PBXFileReference section */

/* Begin PBXFrameworksBuildPhase section */
		AA55850C2AEA9BB8002BD72B /* Frameworks */ = {
			isa = PBXFrameworksBuildPhase;
			buildActionMask = 2147483647;
			files = (
			);
			runOnlyForDeploymentPostprocessing = 0;
		};
		AA55851C2AEA9BB9002BD72B /* Frameworks */ = {
			isa = PBXFrameworksBuildPhase;
			buildActionMask = 2147483647;
			files = (
			);
			runOnlyForDeploymentPostprocessing = 0;
		};
		AA5585262AEA9BB9002BD72B /* Frameworks */ = {
			isa = PBXFrameworksBuildPhase;
			buildActionMask = 2147483647;
			files = (
			);
			runOnlyForDeploymentPostprocessing = 0;
		};
/* End PBXFrameworksBuildPhase section */

/* Begin PBXGroup section */
		AA5585062AEA9BB8002BD72B = {
			isa = PBXGroup;
			children = (
				AA5585112AEA9BB8002BD72B /* BookWorm */,
				AA5585222AEA9BB9002BD72B /* BookWormTests */,
				AA55852C2AEA9BB9002BD72B /* BookWormUITests */,
				AA5585102AEA9BB8002BD72B /* Products */,
			);
			sourceTree = "<group>";
		};
		AA5585102AEA9BB8002BD72B /* Products */ = {
			isa = PBXGroup;
			children = (
				AA55850F2AEA9BB8002BD72B /* BookWorm.app */,
				AA55851F2AEA9BB9002BD72B /* BookWormTests.xctest */,
				AA5585292AEA9BB9002BD72B /* BookWormUITests.xctest */,
			);
			name = Products;
			sourceTree = "<group>";
		};
		AA5585112AEA9BB8002BD72B /* BookWorm */ = {
			isa = PBXGroup;
			children = (
				AA5585122AEA9BB8002BD72B /* BookWormApp.swift */,
				AA5585142AEA9BB8002BD72B /* ContentView.swift */,
				AA5585162AEA9BB9002BD72B /* Assets.xcassets */,
				AA5585182AEA9BB9002BD72B /* Preview Content */,
			);
			path = BookWorm;
			sourceTree = "<group>";
		};
		AA5585182AEA9BB9002BD72B /* Preview Content */ = {
			isa = PBXGroup;
			children = (
				AA5585192AEA9BB9002BD72B /* Preview Assets.xcassets */,
			);
			path = "Preview Content";
			sourceTree = "<group>";
		};
		AA5585222AEA9BB9002BD72B /* BookWormTests */ = {
			isa = PBXGroup;
			children = (
				AA5585232AEA9BB9002BD72B /* BookWormTests.swift */,
			);
			path = BookWormTests;
			sourceTree = "<group>";
		};
		AA55852C2AEA9BB9002BD72B /* BookWormUITests */ = {
			isa = PBXGroup;
			children = (
				AA55852D2AEA9BB9002BD72B /* BookWormUITests.swift */,
				AA55852F2AEA9BB9002BD72B /* BookWormUITestsLaunchTests.swift */,
			);
			path = BookWormUITests;
			sourceTree = "<group>";
		};
/* End PBXGroup section */

/* Begin PBXNativeTarget section */
		AA55850E2AEA9BB8002BD72B /* BookWorm */ = {
			isa = PBXNativeTarget;
			buildConfigurationList = AA5585332AEA9BB9002BD72B /* Build configuration list for PBXNativeTarget "BookWorm" */;
			buildPhases = (
				AA55850B2AEA9BB8002BD72B /* Sources */,
				AA55850C2AEA9BB8002BD72B /* Frameworks */,
				AA55850D2AEA9BB8002BD72B /* Resources */,
			);
			buildRules = (
			);
			dependencies = (
			);
			name = BookWorm;
			productName = BookWorm;
			productReference = AA55850F2AEA9BB8002BD72B /* BookWorm.app */;
			productType = "com.apple.product-type.application";
		};
		AA55851E2AEA9BB9002BD72B /* BookWormTests */ = {
			isa = PBXNativeTarget;
			buildConfigurationList = AA5585362AEA9BB9002BD72B /* Build configuration list for PBXNativeTarget "BookWormTests" */;
			buildPhases = (
				AA55851B2AEA9BB9002BD72B /* Sources */,
				AA55851C2AEA9BB9002BD72B /* Frameworks */,
				AA55851D2AEA9BB9002BD72B /* Resources */,
			);
			buildRules = (
			);
			dependencies = (
				AA5585212AEA9BB9002BD72B /* PBXTargetDependency */,
			);
			name = BookWormTests;
			productName = BookWormTests;
			productReference = AA55851F2AEA9BB9002BD72B /* BookWormTests.xctest */;
			productType = "com.apple.product-type.bundle.unit-test";
		};
		AA5585282AEA9BB9002BD72B /* BookWormUITests */ = {
			isa = PBXNativeTarget;
			buildConfigurationList = AA5585392AEA9BB9002BD72B /* Build configuration list for PBXNativeTarget "BookWormUITests" */;
			buildPhases = (
				AA5585252AEA9BB9002BD72B /* Sources */,
				AA5585262AEA9BB9002BD72B /* Frameworks */,
				AA5585272AEA9BB9002BD72B /* Resources */,
			);
			buildRules = (
			);
			dependencies = (
				AA55852B2AEA9BB9002BD72B /* PBXTargetDependency */,
			);
			name = BookWormUITests;
			productName = BookWormUITests;
			productReference = AA5585292AEA9BB9002BD72B /* BookWormUITests.xctest */;
			productType = "com.apple.product-type.bundle.ui-testing";
		};
/* End PBXNativeTarget section */

/* Begin PBXProject section */
		AA5585072AEA9BB8002BD72B /* Project object */ = {
			isa = PBXProject;
			attributes = {
				BuildIndependentTargetsInParallel = 1;
				LastSwiftUpdateCheck = 1500;
				LastUpgradeCheck = 1500;
				TargetAttributes = {
					AA55850E2AEA9BB8002BD72B = {
						CreatedOnToolsVersion = 15.0;
					};
					AA55851E2AEA9BB9002BD72B = {
						CreatedOnToolsVersion = 15.0;
						TestTargetID = AA55850E2AEA9BB8002BD72B;
					};
					AA5585282AEA9BB9002BD72B = {
						CreatedOnToolsVersion = 15.0;
						TestTargetID = AA55850E2AEA9BB8002BD72B;
					};
				};
			};
			buildConfigurationList = AA55850A2AEA9BB8002BD72B /* Build configuration list for PBXProject "BookWorm" */;
			compatibilityVersion = "Xcode 14.0";
			developmentRegion = en;
			hasScannedForEncodings = 0;
			knownRegions = (
				en,
				Base,
			);
			mainGroup = AA5585062AEA9BB8002BD72B;
			productRefGroup = AA5585102AEA9BB8002BD72B /* Products */;
			projectDirPath = "";
			projectRoot = "";
			targets = (
				AA55850E2AEA9BB8002BD72B /* BookWorm */,
				AA55851E2AEA9BB9002BD72B /* BookWormTests */,
				AA5585282AEA9BB9002BD72B /* BookWormUITests */,
			);
		};
/* End PBXProject section */

/* Begin PBXResourcesBuildPhase section */
		AA55850D2AEA9BB8002BD72B /* Resources */ = {
			isa = PBXResourcesBuildPhase;
			buildActionMask = 2147483647;
			files = (
				AA55851A2AEA9BB9002BD72B /* Preview Assets.xcassets in Resources */,
				AA5585172AEA9BB9002BD72B /* Assets.xcassets in Resources */,
			);
			runOnlyForDeploymentPostprocessing = 0;
		};
		AA55851D2AEA9BB9002BD72B /* Resources */ = {
			isa = PBXResourcesBuildPhase;
			buildActionMask = 2147483647;
			files = (
			);
			runOnlyForDeploymentPostprocessing = 0;
		};
		AA5585272AEA9BB9002BD72B /* Resources */ = {
			isa = PBXResourcesBuildPhase;
			buildActionMask = 2147483647;
			files = (
			);
			runOnlyForDeploymentPostprocessing = 0;
		};
/* End PBXResourcesBuildPhase section */

/* Begin PBXSourcesBuildPhase section */
		AA55850B2AEA9BB8002BD72B /* Sources */ = {
			isa = PBXSourcesBuildPhase;
			buildActionMask = 2147483647;
			files = (
				AA5585152AEA9BB8002BD72B /* ContentView.swift in Sources */,
				AA5585132AEA9BB8002BD72B /* BookWormApp.swift in Sources */,
			);
			runOnlyForDeploymentPostprocessing = 0;
		};
		AA55851B2AEA9BB9002BD72B /* Sources */ = {
			isa = PBXSourcesBuildPhase;
			buildActionMask = 2147483647;
			files = (
				AA5585242AEA9BB9002BD72B /* BookWormTests.swift in Sources */,
			);
			runOnlyForDeploymentPostprocessing = 0;
		};
		AA5585252AEA9BB9002BD72B /* Sources */ = {
			isa = PBXSourcesBuildPhase;
			buildActionMask = 2147483647;
			files = (
				AA5585302AEA9BB9002BD72B /* BookWormUITestsLaunchTests.swift in Sources */,
				AA55852E2AEA9BB9002BD72B /* BookWormUITests.swift in Sources */,
			);
			runOnlyForDeploymentPostprocessing = 0;
		};
/* End PBXSourcesBuildPhase section */

/* Begin PBXTargetDependency section */
		AA5585212AEA9BB9002BD72B /* PBXTargetDependency */ = {
			isa = PBXTargetDependency;
			target = AA55850E2AEA9BB8002BD72B /* BookWorm */;
			targetProxy = AA5585202AEA9BB9002BD72B /* PBXContainerItemProxy */;
		};
		AA55852B2AEA9BB9002BD72B /* PBXTargetDependency */ = {
			isa = PBXTargetDependency;
			target = AA55850E2AEA9BB8002BD72B /* BookWorm */;
			targetProxy = AA55852A2AEA9BB9002BD72B /* PBXContainerItemProxy */;
		};
/* End PBXTargetDependency section */

/* Begin XCBuildConfiguration section */
		AA5585312AEA9BB9002BD72B /* Debug */ = {
			isa = XCBuildConfiguration;
			buildSettings = {
				ALWAYS_SEARCH_USER_PATHS = NO;
				ASSETCATALOG_COMPILER_GENERATE_SWIFT_ASSET_SYMBOL_EXTENSIONS = YES;
				CLANG_ANALYZER_NONNULL = YES;
				CLANG_ANALYZER_NUMBER_OBJECT_CONVERSION = YES_AGGRESSIVE;
				CLANG_CXX_LANGUAGE_STANDARD = "gnu++20";
				CLANG_ENABLE_MODULES = YES;
				CLANG_ENABLE_OBJC_ARC = YES;
				CLANG_ENABLE_OBJC_WEAK = YES;
				CLANG_WARN_BLOCK_CAPTURE_AUTORELEASING = YES;
				CLANG_WARN_BOOL_CONVERSION = YES;
				CLANG_WARN_COMMA = YES;
				CLANG_WARN_CONSTANT_CONVERSION = YES;
				CLANG_WARN_DEPRECATED_OBJC_IMPLEMENTATIONS = YES;
				CLANG_WARN_DIRECT_OBJC_ISA_USAGE = YES_ERROR;
				CLANG_WARN_DOCUMENTATION_COMMENTS = YES;
				CLANG_WARN_EMPTY_BODY = YES;
				CLANG_WARN_ENUM_CONVERSION = YES;
				CLANG_WARN_INFINITE_RECURSION = YES;
				CLANG_WARN_INT_CONVERSION = YES;
				CLANG_WARN_NON_LITERAL_NULL_CONVERSION = YES;
				CLANG_WARN_OBJC_IMPLICIT_RETAIN_SELF = YES;
				CLANG_WARN_OBJC_LITERAL_CONVERSION = YES;
				CLANG_WARN_OBJC_ROOT_CLASS = YES_ERROR;
				CLANG_WARN_QUOTED_INCLUDE_IN_FRAMEWORK_HEADER = YES;
				CLANG_WARN_RANGE_LOOP_ANALYSIS = YES;
				CLANG_WARN_STRICT_PROTOTYPES = YES;
				CLANG_WARN_SUSPICIOUS_MOVE = YES;
				CLANG_WARN_UNGUARDED_AVAILABILITY = YES_AGGRESSIVE;
				CLANG_WARN_UNREACHABLE_CODE = YES;
				CLANG_WARN__DUPLICATE_METHOD_MATCH = YES;
				COPY_PHASE_STRIP = NO;
				DEBUG_INFORMATION_FORMAT = dwarf;
				ENABLE_STRICT_OBJC_MSGSEND = YES;
				ENABLE_TESTABILITY = YES;
				ENABLE_USER_SCRIPT_SANDBOXING = YES;
				GCC_C_LANGUAGE_STANDARD = gnu17;
				GCC_DYNAMIC_NO_PIC = NO;
				GCC_NO_COMMON_BLOCKS = YES;
				GCC_OPTIMIZATION_LEVEL = 0;
				GCC_PREPROCESSOR_DEFINITIONS = (
					"DEBUG=1",
					"$(inherited)",
				);
				GCC_WARN_64_TO_32_BIT_CONVERSION = YES;
				GCC_WARN_ABOUT_RETURN_TYPE = YES_ERROR;
				GCC_WARN_UNDECLARED_SELECTOR = YES;
				GCC_WARN_UNINITIALIZED_AUTOS = YES_AGGRESSIVE;
				GCC_WARN_UNUSED_FUNCTION = YES;
				GCC_WARN_UNUSED_VARIABLE = YES;
				IPHONEOS_DEPLOYMENT_TARGET = 17.0;
				LOCALIZATION_PREFERS_STRING_CATALOGS = YES;
				MTL_ENABLE_DEBUG_INFO = INCLUDE_SOURCE;
				MTL_FAST_MATH = YES;
				ONLY_ACTIVE_ARCH = YES;
				SDKROOT = iphoneos;
				SWIFT_ACTIVE_COMPILATION_CONDITIONS = "DEBUG $(inherited)";
				SWIFT_OPTIMIZATION_LEVEL = "-Onone";
			};
			name = Debug;
		};
		AA5585322AEA9BB9002BD72B /* Release */ = {
			isa = XCBuildConfiguration;
			buildSettings = {
				ALWAYS_SEARCH_USER_PATHS = NO;
				ASSETCATALOG_COMPILER_GENERATE_SWIFT_ASSET_SYMBOL_EXTENSIONS = YES;
				CLANG_ANALYZER_NONNULL = YES;
				CLANG_ANALYZER_NUMBER_OBJECT_CONVERSION = YES_AGGRESSIVE;
				CLANG_CXX_LANGUAGE_STANDARD = "gnu++20";
				CLANG_ENABLE_MODULES = YES;
				CLANG_ENABLE_OBJC_ARC = YES;
				CLANG_ENABLE_OBJC_WEAK = YES;
				CLANG_WARN_BLOCK_CAPTURE_AUTORELEASING = YES;
				CLANG_WARN_BOOL_CONVERSION = YES;
				CLANG_WARN_COMMA = YES;
				CLANG_WARN_CONSTANT_CONVERSION = YES;
				CLANG_WARN_DEPRECATED_OBJC_IMPLEMENTATIONS = YES;
				CLANG_WARN_DIRECT_OBJC_ISA_USAGE = YES_ERROR;
				CLANG_WARN_DOCUMENTATION_COMMENTS = YES;
				CLANG_WARN_EMPTY_BODY = YES;
				CLANG_WARN_ENUM_CONVERSION = YES;
				CLANG_WARN_INFINITE_RECURSION = YES;
				CLANG_WARN_INT_CONVERSION = YES;
				CLANG_WARN_NON_LITERAL_NULL_CONVERSION = YES;
				CLANG_WARN_OBJC_IMPLICIT_RETAIN_SELF = YES;
				CLANG_WARN_OBJC_LITERAL_CONVERSION = YES;
				CLANG_WARN_OBJC_ROOT_CLASS = YES_ERROR;
				CLANG_WARN_QUOTED_INCLUDE_IN_FRAMEWORK_HEADER = YES;
				CLANG_WARN_RANGE_LOOP_ANALYSIS = YES;
				CLANG_WARN_STRICT_PROTOTYPES = YES;
				CLANG_WARN_SUSPICIOUS_MOVE = YES;
				CLANG_WARN_UNGUARDED_AVAILABILITY = YES_AGGRESSIVE;
				CLANG_WARN_UNREACHABLE_CODE = YES;
				CLANG_WARN__DUPLICATE_METHOD_MATCH = YES;
				COPY_PHASE_STRIP = NO;
				DEBUG_INFORMATION_FORMAT = "dwarf-with-dsym";
				ENABLE_NS_ASSERTIONS = NO;
				ENABLE_STRICT_OBJC_MSGSEND = YES;
				ENABLE_USER_SCRIPT_SANDBOXING = YES;
				GCC_C_LANGUAGE_STANDARD = gnu17;
				GCC_NO_COMMON_BLOCKS = YES;
				GCC_WARN_64_TO_32_BIT_CONVERSION = YES;
				GCC_WARN_ABOUT_RETURN_TYPE = YES_ERROR;
				GCC_WARN_UNDECLARED_SELECTOR = YES;
				GCC_WARN_UNINITIALIZED_AUTOS = YES_AGGRESSIVE;
				GCC_WARN_UNUSED_FUNCTION = YES;
				GCC_WARN_UNUSED_VARIABLE = YES;
				IPHONEOS_DEPLOYMENT_TARGET = 17.0;
				LOCALIZATION_PREFERS_STRING_CATALOGS = YES;
				MTL_ENABLE_DEBUG_INFO = NO;
				MTL_FAST_MATH = YES;
				SDKROOT = iphoneos;
				SWIFT_COMPILATION_MODE = wholemodule;
				VALIDATE_PRODUCT = YES;
			};
			name = Release;
		};
		AA5585342AEA9BB9002BD72B /* Debug */ = {
			isa = XCBuildConfiguration;
			buildSettings = {
				ASSETCATALOG_COMPILER_APPICON_NAME = AppIcon;
				ASSETCATALOG_COMPILER_GLOBAL_ACCENT_COLOR_NAME = AccentColor;
				CODE_SIGN_STYLE = Automatic;
				CURRENT_PROJECT_VERSION = 1;
				DEVELOPMENT_ASSET_PATHS = "\"BookWorm/Preview Content\"";
				DEVELOPMENT_TEAM = VZ9PFZ46UL;
				ENABLE_PREVIEWS = YES;
				GENERATE_INFOPLIST_FILE = YES;
				INFOPLIST_KEY_UIApplicationSceneManifest_Generation = YES;
				INFOPLIST_KEY_UIApplicationSupportsIndirectInputEvents = YES;
				INFOPLIST_KEY_UILaunchScreen_Generation = YES;
				INFOPLIST_KEY_UISupportedInterfaceOrientations_iPad = "UIInterfaceOrientationPortrait UIInterfaceOrientationPortraitUpsideDown UIInterfaceOrientationLandscapeLeft UIInterfaceOrientationLandscapeRight";
				INFOPLIST_KEY_UISupportedInterfaceOrientations_iPhone = "UIInterfaceOrientationPortrait UIInterfaceOrientationLandscapeLeft UIInterfaceOrientationLandscapeRight";
				LD_RUNPATH_SEARCH_PATHS = (
					"$(inherited)",
					"@executable_path/Frameworks",
				);
				MARKETING_VERSION = 1.0;
				PRODUCT_BUNDLE_IDENTIFIER = "Apple-Dev-Academy.BookWorm";
				PRODUCT_NAME = "$(TARGET_NAME)";
				SWIFT_EMIT_LOC_STRINGS = YES;
				SWIFT_VERSION = 5.0;
				TARGETED_DEVICE_FAMILY = "1,2";
			};
			name = Debug;
		};
		AA5585352AEA9BB9002BD72B /* Release */ = {
			isa = XCBuildConfiguration;
			buildSettings = {
				ASSETCATALOG_COMPILER_APPICON_NAME = AppIcon;
				ASSETCATALOG_COMPILER_GLOBAL_ACCENT_COLOR_NAME = AccentColor;
				CODE_SIGN_STYLE = Automatic;
				CURRENT_PROJECT_VERSION = 1;
				DEVELOPMENT_ASSET_PATHS = "\"BookWorm/Preview Content\"";
				DEVELOPMENT_TEAM = VZ9PFZ46UL;
				ENABLE_PREVIEWS = YES;
				GENERATE_INFOPLIST_FILE = YES;
				INFOPLIST_KEY_UIApplicationSceneManifest_Generation = YES;
				INFOPLIST_KEY_UIApplicationSupportsIndirectInputEvents = YES;
				INFOPLIST_KEY_UILaunchScreen_Generation = YES;
				INFOPLIST_KEY_UISupportedInterfaceOrientations_iPad = "UIInterfaceOrientationPortrait UIInterfaceOrientationPortraitUpsideDown UIInterfaceOrientationLandscapeLeft UIInterfaceOrientationLandscapeRight";
				INFOPLIST_KEY_UISupportedInterfaceOrientations_iPhone = "UIInterfaceOrientationPortrait UIInterfaceOrientationLandscapeLeft UIInterfaceOrientationLandscapeRight";
				LD_RUNPATH_SEARCH_PATHS = (
					"$(inherited)",
					"@executable_path/Frameworks",
				);
				MARKETING_VERSION = 1.0;
				PRODUCT_BUNDLE_IDENTIFIER = "Apple-Dev-Academy.BookWorm";
				PRODUCT_NAME = "$(TARGET_NAME)";
				SWIFT_EMIT_LOC_STRINGS = YES;
				SWIFT_VERSION = 5.0;
				TARGETED_DEVICE_FAMILY = "1,2";
			};
			name = Release;
		};
		AA5585372AEA9BB9002BD72B /* Debug */ = {
			isa = XCBuildConfiguration;
			buildSettings = {
				ALWAYS_EMBED_SWIFT_STANDARD_LIBRARIES = YES;
				BUNDLE_LOADER = "$(TEST_HOST)";
				CODE_SIGN_STYLE = Automatic;
				CURRENT_PROJECT_VERSION = 1;
				DEVELOPMENT_TEAM = VZ9PFZ46UL;
				GENERATE_INFOPLIST_FILE = YES;
				IPHONEOS_DEPLOYMENT_TARGET = 17.0;
				MARKETING_VERSION = 1.0;
				PRODUCT_BUNDLE_IDENTIFIER = "Apple-Dev-Academy.BookWormTests";
				PRODUCT_NAME = "$(TARGET_NAME)";
				SWIFT_EMIT_LOC_STRINGS = NO;
				SWIFT_VERSION = 5.0;
				TARGETED_DEVICE_FAMILY = "1,2";
				TEST_HOST = "$(BUILT_PRODUCTS_DIR)/BookWorm.app/$(BUNDLE_EXECUTABLE_FOLDER_PATH)/BookWorm";
			};
			name = Debug;
		};
		AA5585382AEA9BB9002BD72B /* Release */ = {
			isa = XCBuildConfiguration;
			buildSettings = {
				ALWAYS_EMBED_SWIFT_STANDARD_LIBRARIES = YES;
				BUNDLE_LOADER = "$(TEST_HOST)";
				CODE_SIGN_STYLE = Automatic;
				CURRENT_PROJECT_VERSION = 1;
				DEVELOPMENT_TEAM = VZ9PFZ46UL;
				GENERATE_INFOPLIST_FILE = YES;
				IPHONEOS_DEPLOYMENT_TARGET = 17.0;
				MARKETING_VERSION = 1.0;
				PRODUCT_BUNDLE_IDENTIFIER = "Apple-Dev-Academy.BookWormTests";
				PRODUCT_NAME = "$(TARGET_NAME)";
				SWIFT_EMIT_LOC_STRINGS = NO;
				SWIFT_VERSION = 5.0;
				TARGETED_DEVICE_FAMILY = "1,2";
				TEST_HOST = "$(BUILT_PRODUCTS_DIR)/BookWorm.app/$(BUNDLE_EXECUTABLE_FOLDER_PATH)/BookWorm";
			};
			name = Release;
		};
		AA55853A2AEA9BB9002BD72B /* Debug */ = {
			isa = XCBuildConfiguration;
			buildSettings = {
				ALWAYS_EMBED_SWIFT_STANDARD_LIBRARIES = YES;
				CODE_SIGN_STYLE = Automatic;
				CURRENT_PROJECT_VERSION = 1;
				DEVELOPMENT_TEAM = VZ9PFZ46UL;
				GENERATE_INFOPLIST_FILE = YES;
				MARKETING_VERSION = 1.0;
				PRODUCT_BUNDLE_IDENTIFIER = "Apple-Dev-Academy.BookWormUITests";
				PRODUCT_NAME = "$(TARGET_NAME)";
				SWIFT_EMIT_LOC_STRINGS = NO;
				SWIFT_VERSION = 5.0;
				TARGETED_DEVICE_FAMILY = "1,2";
				TEST_TARGET_NAME = BookWorm;
			};
			name = Debug;
		};
		AA55853B2AEA9BB9002BD72B /* Release */ = {
			isa = XCBuildConfiguration;
			buildSettings = {
				ALWAYS_EMBED_SWIFT_STANDARD_LIBRARIES = YES;
				CODE_SIGN_STYLE = Automatic;
				CURRENT_PROJECT_VERSION = 1;
				DEVELOPMENT_TEAM = VZ9PFZ46UL;
				GENERATE_INFOPLIST_FILE = YES;
				MARKETING_VERSION = 1.0;
				PRODUCT_BUNDLE_IDENTIFIER = "Apple-Dev-Academy.BookWormUITests";
				PRODUCT_NAME = "$(TARGET_NAME)";
				SWIFT_EMIT_LOC_STRINGS = NO;
				SWIFT_VERSION = 5.0;
				TARGETED_DEVICE_FAMILY = "1,2";
				TEST_TARGET_NAME = BookWorm;
			};
			name = Release;
		};
/* End XCBuildConfiguration section */

/* Begin XCConfigurationList section */
		AA55850A2AEA9BB8002BD72B /* Build configuration list for PBXProject "BookWorm" */ = {
			isa = XCConfigurationList;
			buildConfigurations = (
				AA5585312AEA9BB9002BD72B /* Debug */,
				AA5585322AEA9BB9002BD72B /* Release */,
			);
			defaultConfigurationIsVisible = 0;
			defaultConfigurationName = Release;
		};
		AA5585332AEA9BB9002BD72B /* Build configuration list for PBXNativeTarget "BookWorm" */ = {
			isa = XCConfigurationList;
			buildConfigurations = (
				AA5585342AEA9BB9002BD72B /* Debug */,
				AA5585352AEA9BB9002BD72B /* Release */,
			);
			defaultConfigurationIsVisible = 0;
			defaultConfigurationName = Release;
		};
		AA5585362AEA9BB9002BD72B /* Build configuration list for PBXNativeTarget "BookWormTests" */ = {
			isa = XCConfigurationList;
			buildConfigurations = (
				AA5585372AEA9BB9002BD72B /* Debug */,
				AA5585382AEA9BB9002BD72B /* Release */,
			);
			defaultConfigurationIsVisible = 0;
			defaultConfigurationName = Release;
		};
		AA5585392AEA9BB9002BD72B /* Build configuration list for PBXNativeTarget "BookWormUITests" */ = {
			isa = XCConfigurationList;
			buildConfigurations = (
				AA55853A2AEA9BB9002BD72B /* Debug */,
				AA55853B2AEA9BB9002BD72B /* Release */,
			);
			defaultConfigurationIsVisible = 0;
			defaultConfigurationName = Release;
		};
/* End XCConfigurationList section */
	};
	rootObject = AA5585072AEA9BB8002BD72B /* Project object */;
}
